
Microsoft Visual Studio Solution File, Format Version 12.00
# Visual Studio Version 16
VisualStudioVersion = 16.0.30225.117
MinimumVisualStudioVersion = 10.0.40219.1
Project("{9A19103F-16F7-4668-BE54-9A1E7A4F7556}") = "CustomerManagement", "CustomerManagement\CustomerManagement.csproj", "{231459A6-2AC4-4E32-9D3C-B16D474F0CCA}"
EndProject
Global
	GlobalSection(SolutionConfigurationPlatforms) = preSolution
		Debug|Any CPU = Debug|Any CPU
		Release|Any CPU = Release|Any CPU
	EndGlobalSection
	GlobalSection(ProjectConfigurationPlatforms) = postSolution
		{231459A6-2AC4-4E32-9D3C-B16D474F0CCA}.Debug|Any CPU.ActiveCfg = Debug|Any CPU
		{231459A6-2AC4-4E32-9D3C-B16D474F0CCA}.Debug|Any CPU.Build.0 = Debug|Any CPU
		{231459A6-2AC4-4E32-9D3C-B16D474F0CCA}.Release|Any CPU.ActiveCfg = Release|Any CPU
		{231459A6-2AC4-4E32-9D3C-B16D474F0CCA}.Release|Any CPU.Build.0 = Release|Any CPU
	EndGlobalSection
	GlobalSection(SolutionProperties) = preSolution
		HideSolutionNode = FALSE
	EndGlobalSection
	GlobalSection(ExtensibilityGlobals) = postSolution
		SolutionGuid = {EB1C4061-F138-4C4A-AD92-EB4C7099DBE0}
	EndGlobalSection
EndGlobal
